<Solution>
  <Folder Name="/Local/">
    <Project Path="Gen4.Local.Init/Gen4.Local.Init.csproj" Id="c9b10028-298a-4a82-9a9a-4a9929c78337" />
    <Project Path="Gen4.Local.SmokeTest/Gen4.Local.SmokeTest.csproj" Id="8d56b1c2-3d4a-4f6b-9c7d-1a2b3c4d5e6f" />
    <Project Path="Gen4.Local/Gen4.Local.csproj" Id="9e1a4b6a-7943-4eb9-869e-c12cf699d444" />
  </Folder>
  <Folder Name="/Services/">
    <Project Path="../../../../../Shared/Repos/gen4.hp.core.srv/src/Gen4.HP.Core.API/Gen4.HP.Core.API.csproj" />
    <Project Path="../../../../../Shared/Repos/gen4.hp.his.srv/src/Gen4.HP.HIS.API/Gen4.HP.HIS.API.csproj" />
    <Project Path="../../../../../Shared/Repos/gen4.hp.master.cli/src/Gen4.HP.Master.CLI/Gen4.HP.Master.CLI.csproj" />
    <Project Path="../../../../../Shared/Repos/gen4.hp.styx.srv/src/Gen4.HP.Styx.API/Gen4.HP.Styx.API.csproj" />
  </Folder>
</Solution>
